# This file is automatically @generated by Poetry 1.8.3 and should not be changed by hand.

[[package]]
name = "simpleaudio"
version = "1.0.4"
description = "Simple, asynchronous audio playback for Python 3."
optional = false
python-versions = "*"
files = [
    {file = "simpleaudio-1.0.4-cp37-cp37m-macosx_10_6_intel.whl", hash = "sha256:05b63da515f5fc7c6f40e4d9673d22239c5e03e2bda200fc09fd21c185d73713"},
    {file = "simpleaudio-1.0.4-cp37-cp37m-win32.whl", hash = "sha256:f1a4fe3358429b2ea3181fd782e4c4fff5c123ca86ec7fc29e01ee9acd8a227a"},
    {file = "simpleaudio-1.0.4-cp37-cp37m-win_amd64.whl", hash = "sha256:86f1b0985629852afe67259ac6c24905ca731cb202a6e96b818865c56ced0c27"},
    {file = "simpleaudio-1.0.4-cp38-cp38-macosx_10_9_x86_64.whl", hash = "sha256:f68820297ad51577e3a77369e7e9b23989d30d5ae923bf34c92cf983c04ade04"},
    {file = "simpleaudio-1.0.4-cp38-cp38-win32.whl", hash = "sha256:67348e3d3ccbae73bd126beed7f1e242976889620dbc6974c36800cd286430fc"},
    {file = "simpleaudio-1.0.4-cp38-cp38-win_amd64.whl", hash = "sha256:f346a4eac9cdbb1b3f3d0995095b7e86c12219964c022f4d920c22f6ca05fb4c"},
    {file = "simpleaudio-1.0.4.tar.gz", hash = "sha256:691c88649243544db717e7edf6a9831df112104e1aefb5f6038a5d071e8cf41d"},
]

[metadata]
lock-version = "2.0"
python-versions = "^3.8"
content-hash = "0f8147a9cf6be35bac4f14c1c2179b77d1a5217f9f32c5e67dec865fe1d41946"
